{
  "version": 4,
  "terraform_version": "1.6.4",
  "serial": 20,
  "lineage": "a492448c-5ab4-8124-6807-168fe22847ff",
  "outputs": {},
  "resources": [
    {
      "mode": "data",
      "type": "google_firebase_web_app_config",
      "name": "example",
      "provider": "provider[\"registry.terraform.io/hashicorp/google-beta\"]",
      "instances": [
        {
          "schema_version": 0,
          "attributes": {
            "api_key": "AIzaSyB-9J_tiUjt0atnsErxhllq9x7u9LFLZKQ",
            "auth_domain": "sample-firebase-ai-app-fedb2.firebaseapp.com",
            "database_url": "",
            "id": "1:51699892673:web:d1a307819f182654d7af40",
            "location_id": "",
            "measurement_id": "",
            "messaging_sender_id": "51699892673",
            "project": "sample-firebase-ai-app-fedb2",
            "storage_bucket": "sample-firebase-ai-app-fedb2.firebasestorage.app",
            "web_app_id": "1:51699892673:web:d1a307819f182654d7af40"
          },
          "sensitive_attributes": []
        }
      ]
    },
    {
      "mode": "data",
      "type": "google_project",
      "name": "project",
      "provider": "provider[\"registry.terraform.io/hashicorp/google-beta\"]",
      "instances": [
        {
          "schema_version": 0,
          "attributes": {
            "auto_create_network": null,
            "billing_account": null,
            "deletion_policy": "DELETE",
            "effective_labels": {
              "firebase": "enabled",
              "firebase-core": "disabled"
            },
            "folder_id": null,
            "id": "projects/sample-firebase-ai-app-fedb2",
            "labels": {
              "firebase": "enabled",
              "firebase-core": "disabled"
            },
            "name": "Sample Firebase AI App",
            "number": "51699892673",
            "org_id": null,
            "project_id": "sample-firebase-ai-app-fedb2",
            "skip_delete": null,
            "terraform_labels": {
              "firebase": "enabled",
              "firebase-core": "disabled"
            }
          },
          "sensitive_attributes": []
        }
      ]
    },
    {
      "mode": "managed",
      "type": "google_apikeys_key",
      "name": "generativelanguage",
      "provider": "provider[\"registry.terraform.io/hashicorp/google-beta\"]",
      "instances": [
        {
          "schema_version": 0,
          "attributes": {
            "display_name": "Gemini API Key",
            "id": "projects/sample-firebase-ai-app-fedb2/locations/global/keys/gemini-api-key",
            "key_string": "AIzaSyA8TZpoC9NOTQFUwb_IU9m37NYj48ZNygg",
            "name": "gemini-api-key",
            "project": "sample-firebase-ai-app-fedb2",
            "restrictions": [
              {
                "android_key_restrictions": [],
                "api_targets": [
                  {
                    "methods": [],
                    "service": "generativelanguage.googleapis.com"
                  }
                ],
                "browser_key_restrictions": [
                  {
                    "allowed_referrers": [
                      "*"
                    ]
                  }
                ],
                "ios_key_restrictions": [],
                "server_key_restrictions": []
              }
            ],
            "timeouts": null,
            "uid": "350ebde3-b6ee-4732-9efa-aed28de23600"
          },
          "sensitive_attributes": [],
          "private": "eyJlMmJmYjczMC1lY2FhLTExZTYtOGY4OC0zNDM2M2JjN2M0YzAiOnsiY3JlYXRlIjoxMjAwMDAwMDAwMDAwLCJkZWxldGUiOjEyMDAwMDAwMDAwMDAsInVwZGF0ZSI6MTIwMDAwMDAwMDAwMH19",
          "dependencies": [
            "google_project_service.services"
          ]
        }
      ]
    },
    {
      "mode": "managed",
      "type": "google_firebase_web_app",
      "name": "example",
      "provider": "provider[\"registry.terraform.io/hashicorp/google-beta\"]",
      "instances": [
        {
          "schema_version": 0,
          "attributes": {
            "api_key_id": "662e7cdd-11bf-4bc9-bbc1-d20f63a04ced",
            "app_id": "1:51699892673:web:d1a307819f182654d7af40",
            "app_urls": [],
            "deletion_policy": "DELETE",
            "display_name": "Make It So AI!",
            "id": "projects/sample-firebase-ai-app-fedb2/webApps/1:51699892673:web:d1a307819f182654d7af40",
            "name": "projects/sample-firebase-ai-app-fedb2/webApps/1:51699892673:web:d1a307819f182654d7af40",
            "project": "sample-firebase-ai-app-fedb2",
            "timeouts": null
          },
          "sensitive_attributes": [],
          "private": "eyJlMmJmYjczMC1lY2FhLTExZTYtOGY4OC0zNDM2M2JjN2M0YzAiOnsiY3JlYXRlIjoxMjAwMDAwMDAwMDAwLCJkZWxldGUiOjEyMDAwMDAwMDAwMDAsInVwZGF0ZSI6MTIwMDAwMDAwMDAwMH19"
        }
      ]
    },
    {
      "mode": "managed",
      "type": "google_firebaserules_release",
      "name": "firestore",
      "provider": "provider[\"registry.terraform.io/hashicorp/google-beta\"]",
      "instances": [
        {
          "schema_version": 0,
          "attributes": {
            "create_time": "2024-12-10T16:56:45.760440Z",
            "disabled": false,
            "id": "projects/sample-firebase-ai-app-fedb2/releases/cloud.firestore",
            "name": "cloud.firestore",
            "project": "sample-firebase-ai-app-fedb2",
            "ruleset_name": "2d5c798d-29da-4f8e-adff-6f53484cc717",
            "timeouts": null,
            "update_time": "2024-12-10T16:56:45.760440Z"
          },
          "sensitive_attributes": [],
          "private": "eyJlMmJmYjczMC1lY2FhLTExZTYtOGY4OC0zNDM2M2JjN2M0YzAiOnsiY3JlYXRlIjoxMjAwMDAwMDAwMDAwLCJkZWxldGUiOjEyMDAwMDAwMDAwMDB9fQ==",
          "dependencies": [
            "google_firebaserules_ruleset.firestore",
            "google_firestore_database.database",
            "google_project_service.services",
            "local_file.firestore_rules"
          ]
        }
      ]
    },
    {
      "mode": "managed",
      "type": "google_firebaserules_ruleset",
      "name": "firestore",
      "provider": "provider[\"registry.terraform.io/hashicorp/google-beta\"]",
      "instances": [
        {
          "schema_version": 0,
          "attributes": {
            "create_time": "2024-12-10T16:56:44.437158Z",
            "id": "projects/sample-firebase-ai-app-fedb2/rulesets/2d5c798d-29da-4f8e-adff-6f53484cc717",
            "metadata": [
              {
                "services": [
                  "cloud.firestore"
                ]
              }
            ],
            "name": "2d5c798d-29da-4f8e-adff-6f53484cc717",
            "project": "sample-firebase-ai-app-fedb2",
            "source": [
              {
                "files": [
                  {
                    "content": "service cloud.firestore {\n  match /databases/{database}/documents/{document=**} {\n    allow read, write: if request.auth != null \u0026\u0026 request.time \u003c timestamp.date(2025, 1, 9);\n  }\n}\n",
                    "fingerprint": "",
                    "name": "firestore.rules"
                  }
                ],
                "language": ""
              }
            ],
            "timeouts": null
          },
          "sensitive_attributes": [],
          "private": "eyJlMmJmYjczMC1lY2FhLTExZTYtOGY4OC0zNDM2M2JjN2M0YzAiOnsiY3JlYXRlIjoxMjAwMDAwMDAwMDAwLCJkZWxldGUiOjEyMDAwMDAwMDAwMDB9fQ==",
          "dependencies": [
            "google_firestore_database.database",
            "google_project_service.services",
            "local_file.firestore_rules"
          ]
        }
      ]
    },
    {
      "mode": "managed",
      "type": "google_firestore_database",
      "name": "database",
      "provider": "provider[\"registry.terraform.io/hashicorp/google-beta\"]",
      "instances": [
        {
          "schema_version": 0,
          "attributes": {
            "app_engine_integration_mode": "DISABLED",
            "cmek_config": [],
            "concurrency_mode": "PESSIMISTIC",
            "create_time": "",
            "delete_protection_state": "DELETE_PROTECTION_DISABLED",
            "deletion_policy": "ABANDON",
            "earliest_version_time": "2024-12-10T17:03:06.831612Z",
            "etag": "ILnwudjknYoDMIixgOjVnYoD",
            "id": "projects/sample-firebase-ai-app-fedb2/databases/(default)",
            "key_prefix": "",
            "location_id": "nam5",
            "name": "(default)",
            "point_in_time_recovery_enablement": "POINT_IN_TIME_RECOVERY_DISABLED",
            "project": "sample-firebase-ai-app-fedb2",
            "timeouts": null,
            "type": "FIRESTORE_NATIVE",
            "uid": "fbe014f6-526a-4147-ab95-c9086ab68803",
            "update_time": "",
            "version_retention_period": "3600s"
          },
          "sensitive_attributes": [],
          "private": "eyJlMmJmYjczMC1lY2FhLTExZTYtOGY4OC0zNDM2M2JjN2M0YzAiOnsiY3JlYXRlIjoxMjAwMDAwMDAwMDAwLCJkZWxldGUiOjEyMDAwMDAwMDAwMDAsInVwZGF0ZSI6MTIwMDAwMDAwMDAwMH19",
          "dependencies": [
            "google_project_service.services"
          ]
        }
      ]
    },
    {
      "mode": "managed",
      "type": "google_project_service",
      "name": "services",
      "provider": "provider[\"registry.terraform.io/hashicorp/google-beta\"]",
      "instances": [
        {
          "index_key": "apikeys.googleapis.com",
          "schema_version": 0,
          "attributes": {
            "check_if_service_has_usage_on_destroy": false,
            "disable_dependent_services": null,
            "disable_on_destroy": false,
            "id": "sample-firebase-ai-app-fedb2/apikeys.googleapis.com",
            "project": "sample-firebase-ai-app-fedb2",
            "service": "apikeys.googleapis.com",
            "timeouts": null
          },
          "sensitive_attributes": [],
          "private": "eyJlMmJmYjczMC1lY2FhLTExZTYtOGY4OC0zNDM2M2JjN2M0YzAiOnsiY3JlYXRlIjoxMjAwMDAwMDAwMDAwLCJkZWxldGUiOjEyMDAwMDAwMDAwMDAsInJlYWQiOjYwMDAwMDAwMDAwMCwidXBkYXRlIjoxMjAwMDAwMDAwMDAwfX0="
        },
        {
          "index_key": "firebaserules.googleapis.com",
          "schema_version": 0,
          "attributes": {
            "check_if_service_has_usage_on_destroy": false,
            "disable_dependent_services": null,
            "disable_on_destroy": false,
            "id": "sample-firebase-ai-app-fedb2/firebaserules.googleapis.com",
            "project": "sample-firebase-ai-app-fedb2",
            "service": "firebaserules.googleapis.com",
            "timeouts": null
          },
          "sensitive_attributes": [],
          "private": "eyJlMmJmYjczMC1lY2FhLTExZTYtOGY4OC0zNDM2M2JjN2M0YzAiOnsiY3JlYXRlIjoxMjAwMDAwMDAwMDAwLCJkZWxldGUiOjEyMDAwMDAwMDAwMDAsInJlYWQiOjYwMDAwMDAwMDAwMCwidXBkYXRlIjoxMjAwMDAwMDAwMDAwfX0="
        },
        {
          "index_key": "firestore.googleapis.com",
          "schema_version": 0,
          "attributes": {
            "check_if_service_has_usage_on_destroy": false,
            "disable_dependent_services": null,
            "disable_on_destroy": false,
            "id": "sample-firebase-ai-app-fedb2/firestore.googleapis.com",
            "project": "sample-firebase-ai-app-fedb2",
            "service": "firestore.googleapis.com",
            "timeouts": null
          },
          "sensitive_attributes": [],
          "private": "eyJlMmJmYjczMC1lY2FhLTExZTYtOGY4OC0zNDM2M2JjN2M0YzAiOnsiY3JlYXRlIjoxMjAwMDAwMDAwMDAwLCJkZWxldGUiOjEyMDAwMDAwMDAwMDAsInJlYWQiOjYwMDAwMDAwMDAwMCwidXBkYXRlIjoxMjAwMDAwMDAwMDAwfX0="
        },
        {
          "index_key": "generativelanguage.googleapis.com",
          "schema_version": 0,
          "attributes": {
            "check_if_service_has_usage_on_destroy": false,
            "disable_dependent_services": null,
            "disable_on_destroy": false,
            "id": "sample-firebase-ai-app-fedb2/generativelanguage.googleapis.com",
            "project": "sample-firebase-ai-app-fedb2",
            "service": "generativelanguage.googleapis.com",
            "timeouts": null
          },
          "sensitive_attributes": [],
          "private": "eyJlMmJmYjczMC1lY2FhLTExZTYtOGY4OC0zNDM2M2JjN2M0YzAiOnsiY3JlYXRlIjoxMjAwMDAwMDAwMDAwLCJkZWxldGUiOjEyMDAwMDAwMDAwMDAsInJlYWQiOjYwMDAwMDAwMDAwMCwidXBkYXRlIjoxMjAwMDAwMDAwMDAwfX0="
        },
        {
          "index_key": "serviceusage.googleapis.com",
          "schema_version": 0,
          "attributes": {
            "check_if_service_has_usage_on_destroy": false,
            "disable_dependent_services": null,
            "disable_on_destroy": false,
            "id": "sample-firebase-ai-app-fedb2/serviceusage.googleapis.com",
            "project": "sample-firebase-ai-app-fedb2",
            "service": "serviceusage.googleapis.com",
            "timeouts": null
          },
          "sensitive_attributes": [],
          "private": "eyJlMmJmYjczMC1lY2FhLTExZTYtOGY4OC0zNDM2M2JjN2M0YzAiOnsiY3JlYXRlIjoxMjAwMDAwMDAwMDAwLCJkZWxldGUiOjEyMDAwMDAwMDAwMDAsInJlYWQiOjYwMDAwMDAwMDAwMCwidXBkYXRlIjoxMjAwMDAwMDAwMDAwfX0="
        }
      ]
    },
    {
      "mode": "managed",
      "type": "google_service_usage_consumer_quota_override",
      "name": "generativelanguage",
      "provider": "provider[\"registry.terraform.io/hashicorp/google-beta\"]",
      "instances": [
        {
          "schema_version": 0,
          "attributes": {
            "dimensions": {},
            "force": true,
            "id": "projects/sample-firebase-ai-app-fedb2/services/generativelanguage.googleapis.com/consumerQuotaMetrics/generativelanguage.googleapis.com%2Fgenerate_requests_per_model/limits/%2Fmin%2Fmodel%2Fproject/consumerOverrides/Cg1RdW90YU92ZXJyaWRl",
            "limit": "%2Fmin%2Fmodel%2Fproject",
            "metric": "generativelanguage.googleapis.com%2Fgenerate_requests_per_model",
            "name": "Cg1RdW90YU92ZXJyaWRl",
            "override_value": "10",
            "project": "sample-firebase-ai-app-fedb2",
            "service": "generativelanguage.googleapis.com",
            "timeouts": null
          },
          "sensitive_attributes": [],
          "private": "eyJlMmJmYjczMC1lY2FhLTExZTYtOGY4OC0zNDM2M2JjN2M0YzAiOnsiY3JlYXRlIjoxMjAwMDAwMDAwMDAwLCJkZWxldGUiOjEyMDAwMDAwMDAwMDAsInVwZGF0ZSI6MTIwMDAwMDAwMDAwMH19",
          "dependencies": [
            "google_project_service.services"
          ]
        }
      ]
    },
    {
      "mode": "managed",
      "type": "local_file",
      "name": "environment_ts",
      "provider": "provider[\"registry.terraform.io/hashicorp/local\"]",
      "instances": [
        {
          "schema_version": 0,
          "attributes": {
            "content": "export const environment = {\n  firebase: {\n      apiKey: 'AIzaSyB-9J_tiUjt0atnsErxhllq9x7u9LFLZKQ',\n      authDomain: 'sample-firebase-ai-app-fedb2.firebaseapp.com',\n      databaseURL: '',\n      projectId: 'sample-firebase-ai-app-fedb2',\n      storageBucket: 'sample-firebase-ai-app-fedb2.firebasestorage.app',\n      messagingSenderId: '51699892673',\n      appId: '1:51699892673:web:d1a307819f182654d7af40',\n      measurementId: '',\n  },\n  gemini_api_key: 'AIzaSyA8TZpoC9NOTQFUwb_IU9m37NYj48ZNygg',\n  debug_token: ''\n};",
            "content_base64": null,
            "content_base64sha256": "MGLPdjA63SSGuTrSNYyF82/WtqvfueRIV5D3h6s6WW0=",
            "content_base64sha512": "APjrWaTlTueLmx8nC5ulVMUTX07uHsW/YMTrUEjK1EiRG0DC6lOGYnJN7s8qi/6RzchZg3r+k6CXc7xaIKOzkg==",
            "content_md5": "e246dd1c4709beaa2c684a8c365156c5",
            "content_sha1": "3c7000dd7a79cce116eebf9ed9bcc800cba48efc",
            "content_sha256": "3062cf76303add2486b93ad2358c85f36fd6b6abdfb9e4485790f787ab3a596d",
            "content_sha512": "00f8eb59a4e54ee78b9b1f270b9ba554c5135f4eee1ec5bf60c4eb5048cad448911b40c2ea538662724deecf2a8bfe91cdc859837afe93a09773bc5a20a3b392",
            "directory_permission": "0777",
            "file_permission": "0777",
            "filename": "./src/environments/environments.ts",
            "id": "3c7000dd7a79cce116eebf9ed9bcc800cba48efc",
            "sensitive_content": null,
            "source": null
          },
          "sensitive_attributes": [
            [
              {
                "type": "get_attr",
                "value": "content"
              }
            ]
          ],
          "dependencies": [
            "data.google_firebase_web_app_config.example",
            "data.google_project.project",
            "google_apikeys_key.generativelanguage",
            "google_firebase_web_app.example",
            "google_project_service.services"
          ]
        }
      ]
    },
    {
      "mode": "managed",
      "type": "local_file",
      "name": "firebaserc",
      "provider": "provider[\"registry.terraform.io/hashicorp/local\"]",
      "instances": [
        {
          "schema_version": 0,
          "attributes": {
            "content": "{\"projects\":{\"default\":\"sample-firebase-ai-app-fedb2\"}}",
            "content_base64": null,
            "content_base64sha256": "PKFli1nlIzgWesoy5ubCID2py60jupLhW3Bd23XRfEs=",
            "content_base64sha512": "ASohylpgNUQrZUemDatlHuizNevnqkgSO8yoWZJC7lfGkS7VskJEXv9sCCYeFdE7UZMdjj6i8YQKKKioJ5WLuA==",
            "content_md5": "f73a083fc56d9b8a182bb30510762822",
            "content_sha1": "77a6a3028e014c99521d8f95fb4163feba28ac9b",
            "content_sha256": "3ca1658b59e52338167aca32e6e6c2203da9cbad23ba92e15b705ddb75d17c4b",
            "content_sha512": "012a21ca5a6035442b6547a60dab651ee8b335ebe7aa48123bcca8599242ee57c6912ed5b242445eff6c08261e15d13b51931d8e3ea2f1840a28a8a827958bb8",
            "directory_permission": "0777",
            "file_permission": "0777",
            "filename": "./.firebaserc",
            "id": "77a6a3028e014c99521d8f95fb4163feba28ac9b",
            "sensitive_content": null,
            "source": null
          },
          "sensitive_attributes": []
        }
      ]
    },
    {
      "mode": "managed",
      "type": "local_file",
      "name": "firestore_rules",
      "provider": "provider[\"registry.terraform.io/hashicorp/local\"]",
      "instances": [
        {
          "schema_version": 0,
          "attributes": {
            "content": "service cloud.firestore {\n  match /databases/{database}/documents/{document=**} {\n    allow read, write: if request.auth != null \u0026\u0026 request.time \u003c timestamp.date(2025, 1, 9);\n  }\n}\n",
            "content_base64": null,
            "content_base64sha256": "cCYciNUh1l8XX5fup8xKmqBABaaVTaL/XhrgMiwKScg=",
            "content_base64sha512": "ezWHBN5XhKyZf3qX25vRaNV7f5SxYKv9abeQ1i0bHpSH4ricwCtg84YjYL7IIqNQ9q8BtD48q+cxPwhL1C3v2w==",
            "content_md5": "62d39869541712bfa9a73c9515f0b745",
            "content_sha1": "307aa6bd0d9372bd585fe163b0e12e650b6de6d6",
            "content_sha256": "70261c88d521d65f175f97eea7cc4a9aa04005a6954da2ff5e1ae0322c0a49c8",
            "content_sha512": "7b358704de5784ac997f7a97db9bd168d57b7f94b160abfd69b790d62d1b1e9487e2b89cc02b60f3862360bec822a350f6af01b43e3cabe7313f084bd42defdb",
            "directory_permission": "0777",
            "file_permission": "0777",
            "filename": "./firestore.rules",
            "id": "307aa6bd0d9372bd585fe163b0e12e650b6de6d6",
            "sensitive_content": null,
            "source": null
          },
          "sensitive_attributes": []
        }
      ]
    }
  ],
  "check_results": null
}
